
Microsoft Visual Studio Solution File, Format Version 12.00
# Visual Studio Version 16
VisualStudioVersion = 16.0.28822.285
MinimumVisualStudioVersion = 10.0.40219.1
Project("{FAE04EC0-301F-11D3-BF4B-00C04F79EFBC}") = "UseXamlIsland", "UseXamlIsland.csproj", "{3115AB89-FB5E-47A6-9CC8-8C1D71751DEE}"
EndProject
Project("{C7167F0D-BC9F-4E6E-AFE1-012C56B48DB5}") = "UseXamlIsland.Package", "..\UseXamlIsland.Package\UseXamlIsland.Package.wapproj", "{3DBA8575-B7B7-4C41-84CC-81765738A410}"
EndProject
Global
	GlobalSection(SolutionConfigurationPlatforms) = preSolution
		Debug|Any CPU = Debug|Any CPU
		Debug|ARM = Debug|ARM
		Debug|ARM64 = Debug|ARM64
		Debug|x64 = Debug|x64
		Debug|x86 = Debug|x86
		Release|Any CPU = Release|Any CPU
		Release|ARM = Release|ARM
		Release|ARM64 = Release|ARM64
		Release|x64 = Release|x64
		Release|x86 = Release|x86
	EndGlobalSection
	GlobalSection(ProjectConfigurationPlatforms) = postSolution
		{3115AB89-FB5E-47A6-9CC8-8C1D71751DEE}.Debug|Any CPU.ActiveCfg = Debug|Any CPU
		{3115AB89-FB5E-47A6-9CC8-8C1D71751DEE}.Debug|Any CPU.Build.0 = Debug|Any CPU
		{3115AB89-FB5E-47A6-9CC8-8C1D71751DEE}.Debug|ARM.ActiveCfg = Debug|Any CPU
		{3115AB89-FB5E-47A6-9CC8-8C1D71751DEE}.Debug|ARM.Build.0 = Debug|Any CPU
		{3115AB89-FB5E-47A6-9CC8-8C1D71751DEE}.Debug|ARM64.ActiveCfg = Debug|Any CPU
		{3115AB89-FB5E-47A6-9CC8-8C1D71751DEE}.Debug|ARM64.Build.0 = Debug|Any CPU
		{3115AB89-FB5E-47A6-9CC8-8C1D71751DEE}.Debug|x64.ActiveCfg = Debug|Any CPU
		{3115AB89-FB5E-47A6-9CC8-8C1D71751DEE}.Debug|x64.Build.0 = Debug|Any CPU
		{3115AB89-FB5E-47A6-9CC8-8C1D71751DEE}.Debug|x86.ActiveCfg = Debug|Any CPU
		{3115AB89-FB5E-47A6-9CC8-8C1D71751DEE}.Debug|x86.Build.0 = Debug|Any CPU
		{3115AB89-FB5E-47A6-9CC8-8C1D71751DEE}.Release|Any CPU.ActiveCfg = Release|Any CPU
		{3115AB89-FB5E-47A6-9CC8-8C1D71751DEE}.Release|Any CPU.Build.0 = Release|Any CPU
		{3115AB89-FB5E-47A6-9CC8-8C1D71751DEE}.Release|ARM.ActiveCfg = Release|Any CPU
		{3115AB89-FB5E-47A6-9CC8-8C1D71751DEE}.Release|ARM.Build.0 = Release|Any CPU
		{3115AB89-FB5E-47A6-9CC8-8C1D71751DEE}.Release|ARM64.ActiveCfg = Release|Any CPU
		{3115AB89-FB5E-47A6-9CC8-8C1D71751DEE}.Release|ARM64.Build.0 = Release|Any CPU
		{3115AB89-FB5E-47A6-9CC8-8C1D71751DEE}.Release|x64.ActiveCfg = Release|Any CPU
		{3115AB89-FB5E-47A6-9CC8-8C1D71751DEE}.Release|x64.Build.0 = Release|Any CPU
		{3115AB89-FB5E-47A6-9CC8-8C1D71751DEE}.Release|x86.ActiveCfg = Release|Any CPU
		{3115AB89-FB5E-47A6-9CC8-8C1D71751DEE}.Release|x86.Build.0 = Release|Any CPU
		{3DBA8575-B7B7-4C41-84CC-81765738A410}.Debug|Any CPU.ActiveCfg = Debug|Any CPU
		{3DBA8575-B7B7-4C41-84CC-81765738A410}.Debug|Any CPU.Build.0 = Debug|Any CPU
		{3DBA8575-B7B7-4C41-84CC-81765738A410}.Debug|Any CPU.Deploy.0 = Debug|Any CPU
		{3DBA8575-B7B7-4C41-84CC-81765738A410}.Debug|ARM.ActiveCfg = Debug|ARM
		{3DBA8575-B7B7-4C41-84CC-81765738A410}.Debug|ARM.Build.0 = Debug|ARM
		{3DBA8575-B7B7-4C41-84CC-81765738A410}.Debug|ARM.Deploy.0 = Debug|ARM
		{3DBA8575-B7B7-4C41-84CC-81765738A410}.Debug|ARM64.ActiveCfg = Debug|ARM64
		{3DBA8575-B7B7-4C41-84CC-81765738A410}.Debug|ARM64.Build.0 = Debug|ARM64
		{3DBA8575-B7B7-4C41-84CC-81765738A410}.Debug|ARM64.Deploy.0 = Debug|ARM64
		{3DBA8575-B7B7-4C41-84CC-81765738A410}.Debug|x64.ActiveCfg = Debug|x64
		{3DBA8575-B7B7-4C41-84CC-81765738A410}.Debug|x64.Build.0 = Debug|x64
		{3DBA8575-B7B7-4C41-84CC-81765738A410}.Debug|x64.Deploy.0 = Debug|x64
		{3DBA8575-B7B7-4C41-84CC-81765738A410}.Debug|x86.ActiveCfg = Debug|x86
		{3DBA8575-B7B7-4C41-84CC-81765738A410}.Debug|x86.Build.0 = Debug|x86
		{3DBA8575-B7B7-4C41-84CC-81765738A410}.Debug|x86.Deploy.0 = Debug|x86
		{3DBA8575-B7B7-4C41-84CC-81765738A410}.Release|Any CPU.ActiveCfg = Release|Any CPU
		{3DBA8575-B7B7-4C41-84CC-81765738A410}.Release|Any CPU.Build.0 = Release|Any CPU
		{3DBA8575-B7B7-4C41-84CC-81765738A410}.Release|Any CPU.Deploy.0 = Release|Any CPU
		{3DBA8575-B7B7-4C41-84CC-81765738A410}.Release|ARM.ActiveCfg = Release|ARM
		{3DBA8575-B7B7-4C41-84CC-81765738A410}.Release|ARM.Build.0 = Release|ARM
		{3DBA8575-B7B7-4C41-84CC-81765738A410}.Release|ARM.Deploy.0 = Release|ARM
		{3DBA8575-B7B7-4C41-84CC-81765738A410}.Release|ARM64.ActiveCfg = Release|ARM64
		{3DBA8575-B7B7-4C41-84CC-81765738A410}.Release|ARM64.Build.0 = Release|ARM64
		{3DBA8575-B7B7-4C41-84CC-81765738A410}.Release|ARM64.Deploy.0 = Release|ARM64
		{3DBA8575-B7B7-4C41-84CC-81765738A410}.Release|x64.ActiveCfg = Release|x64
		{3DBA8575-B7B7-4C41-84CC-81765738A410}.Release|x64.Build.0 = Release|x64
		{3DBA8575-B7B7-4C41-84CC-81765738A410}.Release|x64.Deploy.0 = Release|x64
		{3DBA8575-B7B7-4C41-84CC-81765738A410}.Release|x86.ActiveCfg = Release|x86
		{3DBA8575-B7B7-4C41-84CC-81765738A410}.Release|x86.Build.0 = Release|x86
		{3DBA8575-B7B7-4C41-84CC-81765738A410}.Release|x86.Deploy.0 = Release|x86
	EndGlobalSection
	GlobalSection(SolutionProperties) = preSolution
		HideSolutionNode = FALSE
	EndGlobalSection
	GlobalSection(ExtensibilityGlobals) = postSolution
		SolutionGuid = {0DA84D51-9AA1-48A8-9368-268272AC0878}
	EndGlobalSection
EndGlobal
