
Microsoft Visual Studio Solution File, Format Version 12.00
# Visual Studio Version 16
VisualStudioVersion = 16.0.28803.202
MinimumVisualStudioVersion = 10.0.40219.1
Project("{9A19103F-16F7-4668-BE54-9A1E7A4F7556}") = "AsyncStreamsSample", "AsyncStreamsSample\AsyncStreamsSample.csproj", "{18CA9411-E253-422A-92A7-DD47B7126434}"
EndProject
Global
	GlobalSection(SolutionConfigurationPlatforms) = preSolution
		Debug|Any CPU = Debug|Any CPU
		Release|Any CPU = Release|Any CPU
	EndGlobalSection
	GlobalSection(ProjectConfigurationPlatforms) = postSolution
		{18CA9411-E253-422A-92A7-DD47B7126434}.Debug|Any CPU.ActiveCfg = Debug|Any CPU
		{18CA9411-E253-422A-92A7-DD47B7126434}.Debug|Any CPU.Build.0 = Debug|Any CPU
		{18CA9411-E253-422A-92A7-DD47B7126434}.Release|Any CPU.ActiveCfg = Release|Any CPU
		{18CA9411-E253-422A-92A7-DD47B7126434}.Release|Any CPU.Build.0 = Release|Any CPU
	EndGlobalSection
	GlobalSection(SolutionProperties) = preSolution
		HideSolutionNode = FALSE
	EndGlobalSection
	GlobalSection(ExtensibilityGlobals) = postSolution
		SolutionGuid = {BBB081A1-E220-4F67-84BB-E9A55D14CD8C}
	EndGlobalSection
EndGlobal
